
Microsoft Visual Studio Solution File, Format Version 12.00
# Visual Studio 14
VisualStudioVersion = 14.0.25420.1
MinimumVisualStudioVersion = 10.0.40219.1
Project("{F2A71F9B-5D33-465A-A702-920D77279786}") = "RedDwarfAnalysis", "RedDwarfAnalysis.fsproj", "{DEE29D98-03C4-4A2E-84F2-B5479BC30214}"
EndProject
Project("{2150E333-8FDC-42A3-9474-1A3956D46DE8}") = "Omdb", "Omdb", "{CEFE773D-A11C-4908-B0E0-2924C0095524}"
	ProjectSection(SolutionItems) = preProject
		Omdb\tt0684140.json = Omdb\tt0684140.json
		Omdb\tt0684141.json = Omdb\tt0684141.json
		Omdb\tt0684142.json = Omdb\tt0684142.json
		Omdb\tt0684143.json = Omdb\tt0684143.json
		Omdb\tt0684144.json = Omdb\tt0684144.json
		Omdb\tt0684145.json = Omdb\tt0684145.json
		Omdb\tt0684146.json = Omdb\tt0684146.json
		Omdb\tt0684147.json = Omdb\tt0684147.json
		Omdb\tt0684148.json = Omdb\tt0684148.json
		Omdb\tt0684149.json = Omdb\tt0684149.json
		Omdb\tt0684150.json = Omdb\tt0684150.json
		Omdb\tt0684151.json = Omdb\tt0684151.json
		Omdb\tt0684152.json = Omdb\tt0684152.json
		Omdb\tt0684153.json = Omdb\tt0684153.json
		Omdb\tt0684154.json = Omdb\tt0684154.json
		Omdb\tt0684155.json = Omdb\tt0684155.json
		Omdb\tt0684156.json = Omdb\tt0684156.json
		Omdb\tt0684157.json = Omdb\tt0684157.json
		Omdb\tt0684158.json = Omdb\tt0684158.json
		Omdb\tt0684159.json = Omdb\tt0684159.json
		Omdb\tt0684160.json = Omdb\tt0684160.json
		Omdb\tt0684161.json = Omdb\tt0684161.json
		Omdb\tt0684162.json = Omdb\tt0684162.json
		Omdb\tt0684163.json = Omdb\tt0684163.json
		Omdb\tt0684164.json = Omdb\tt0684164.json
		Omdb\tt0684165.json = Omdb\tt0684165.json
		Omdb\tt0684166.json = Omdb\tt0684166.json
		Omdb\tt0684167.json = Omdb\tt0684167.json
		Omdb\tt0684168.json = Omdb\tt0684168.json
		Omdb\tt0684169.json = Omdb\tt0684169.json
		Omdb\tt0684170.json = Omdb\tt0684170.json
		Omdb\tt0684171.json = Omdb\tt0684171.json
		Omdb\tt0684172.json = Omdb\tt0684172.json
		Omdb\tt0684173.json = Omdb\tt0684173.json
		Omdb\tt0684174.json = Omdb\tt0684174.json
		Omdb\tt0684175.json = Omdb\tt0684175.json
		Omdb\tt0684176.json = Omdb\tt0684176.json
		Omdb\tt0684177.json = Omdb\tt0684177.json
		Omdb\tt0684178.json = Omdb\tt0684178.json
		Omdb\tt0684179.json = Omdb\tt0684179.json
		Omdb\tt0684180.json = Omdb\tt0684180.json
		Omdb\tt0684181.json = Omdb\tt0684181.json
		Omdb\tt0684182.json = Omdb\tt0684182.json
		Omdb\tt0684183.json = Omdb\tt0684183.json
		Omdb\tt0684184.json = Omdb\tt0684184.json
		Omdb\tt0684185.json = Omdb\tt0684185.json
		Omdb\tt0684186.json = Omdb\tt0684186.json
		Omdb\tt0684187.json = Omdb\tt0684187.json
		Omdb\tt0756587.json = Omdb\tt0756587.json
		Omdb\tt0756588.json = Omdb\tt0756588.json
		Omdb\tt0756589.json = Omdb\tt0756589.json
		Omdb\tt0767232.json = Omdb\tt0767232.json
		Omdb\tt1365540.json = Omdb\tt1365540.json
		Omdb\tt1371606.json = Omdb\tt1371606.json
		Omdb\tt1400975.json = Omdb\tt1400975.json
		Omdb\tt1997038.json = Omdb\tt1997038.json
		Omdb\tt1999714.json = Omdb\tt1999714.json
		Omdb\tt1999715.json = Omdb\tt1999715.json
		Omdb\tt1999716.json = Omdb\tt1999716.json
		Omdb\tt1999717.json = Omdb\tt1999717.json
		Omdb\tt1999718.json = Omdb\tt1999718.json
		Omdb\tt5218244.json = Omdb\tt5218244.json
		Omdb\tt5218254.json = Omdb\tt5218254.json
		Omdb\tt5218266.json = Omdb\tt5218266.json
		Omdb\tt5218284.json = Omdb\tt5218284.json
		Omdb\tt5218308.json = Omdb\tt5218308.json
		Omdb\tt5218316.json = Omdb\tt5218316.json
	EndProjectSection
EndProject
Project("{2150E333-8FDC-42A3-9474-1A3956D46DE8}") = "WeMakeSites", "WeMakeSites", "{CB10247E-072A-47C7-8ED5-5490805D1533}"
	ProjectSection(SolutionItems) = preProject
		WeMakeSites\tt0684140.json = WeMakeSites\tt0684140.json
		WeMakeSites\tt0684141.json = WeMakeSites\tt0684141.json
		WeMakeSites\tt0684142.json = WeMakeSites\tt0684142.json
		WeMakeSites\tt0684143.json = WeMakeSites\tt0684143.json
		WeMakeSites\tt0684144.json = WeMakeSites\tt0684144.json
		WeMakeSites\tt0684145.json = WeMakeSites\tt0684145.json
		WeMakeSites\tt0684146.json = WeMakeSites\tt0684146.json
		WeMakeSites\tt0684147.json = WeMakeSites\tt0684147.json
		WeMakeSites\tt0684148.json = WeMakeSites\tt0684148.json
		WeMakeSites\tt0684149.json = WeMakeSites\tt0684149.json
		WeMakeSites\tt0684150.json = WeMakeSites\tt0684150.json
		WeMakeSites\tt0684151.json = WeMakeSites\tt0684151.json
		WeMakeSites\tt0684152.json = WeMakeSites\tt0684152.json
		WeMakeSites\tt0684153.json = WeMakeSites\tt0684153.json
		WeMakeSites\tt0684154.json = WeMakeSites\tt0684154.json
		WeMakeSites\tt0684155.json = WeMakeSites\tt0684155.json
		WeMakeSites\tt0684156.json = WeMakeSites\tt0684156.json
		WeMakeSites\tt0684157.json = WeMakeSites\tt0684157.json
		WeMakeSites\tt0684158.json = WeMakeSites\tt0684158.json
		WeMakeSites\tt0684159.json = WeMakeSites\tt0684159.json
		WeMakeSites\tt0684160.json = WeMakeSites\tt0684160.json
		WeMakeSites\tt0684161.json = WeMakeSites\tt0684161.json
		WeMakeSites\tt0684162.json = WeMakeSites\tt0684162.json
		WeMakeSites\tt0684163.json = WeMakeSites\tt0684163.json
		WeMakeSites\tt0684164.json = WeMakeSites\tt0684164.json
		WeMakeSites\tt0684165.json = WeMakeSites\tt0684165.json
		WeMakeSites\tt0684166.json = WeMakeSites\tt0684166.json
		WeMakeSites\tt0684167.json = WeMakeSites\tt0684167.json
		WeMakeSites\tt0684168.json = WeMakeSites\tt0684168.json
		WeMakeSites\tt0684169.json = WeMakeSites\tt0684169.json
		WeMakeSites\tt0684170.json = WeMakeSites\tt0684170.json
		WeMakeSites\tt0684171.json = WeMakeSites\tt0684171.json
		WeMakeSites\tt0684172.json = WeMakeSites\tt0684172.json
		WeMakeSites\tt0684173.json = WeMakeSites\tt0684173.json
		WeMakeSites\tt0684174.json = WeMakeSites\tt0684174.json
		WeMakeSites\tt0684175.json = WeMakeSites\tt0684175.json
		WeMakeSites\tt0684176.json = WeMakeSites\tt0684176.json
		WeMakeSites\tt0684177.json = WeMakeSites\tt0684177.json
		WeMakeSites\tt0684178.json = WeMakeSites\tt0684178.json
		WeMakeSites\tt0684179.json = WeMakeSites\tt0684179.json
		WeMakeSites\tt0684180.json = WeMakeSites\tt0684180.json
		WeMakeSites\tt0684181.json = WeMakeSites\tt0684181.json
		WeMakeSites\tt0684182.json = WeMakeSites\tt0684182.json
		WeMakeSites\tt0684183.json = WeMakeSites\tt0684183.json
		WeMakeSites\tt0684184.json = WeMakeSites\tt0684184.json
		WeMakeSites\tt0684185.json = WeMakeSites\tt0684185.json
		WeMakeSites\tt0684186.json = WeMakeSites\tt0684186.json
		WeMakeSites\tt0684187.json = WeMakeSites\tt0684187.json
		WeMakeSites\tt0756587.json = WeMakeSites\tt0756587.json
		WeMakeSites\tt0756588.json = WeMakeSites\tt0756588.json
		WeMakeSites\tt0756589.json = WeMakeSites\tt0756589.json
		WeMakeSites\tt0767232.json = WeMakeSites\tt0767232.json
		WeMakeSites\tt1365540.json = WeMakeSites\tt1365540.json
		WeMakeSites\tt1371606.json = WeMakeSites\tt1371606.json
		WeMakeSites\tt1400975.json = WeMakeSites\tt1400975.json
		WeMakeSites\tt1997038.json = WeMakeSites\tt1997038.json
		WeMakeSites\tt1999714.json = WeMakeSites\tt1999714.json
		WeMakeSites\tt1999715.json = WeMakeSites\tt1999715.json
		WeMakeSites\tt1999716.json = WeMakeSites\tt1999716.json
		WeMakeSites\tt1999717.json = WeMakeSites\tt1999717.json
		WeMakeSites\tt1999718.json = WeMakeSites\tt1999718.json
		WeMakeSites\tt5218244.json = WeMakeSites\tt5218244.json
		WeMakeSites\tt5218254.json = WeMakeSites\tt5218254.json
		WeMakeSites\tt5218266.json = WeMakeSites\tt5218266.json
		WeMakeSites\tt5218284.json = WeMakeSites\tt5218284.json
		WeMakeSites\tt5218308.json = WeMakeSites\tt5218308.json
		WeMakeSites\tt5218316.json = WeMakeSites\tt5218316.json
	EndProjectSection
EndProject
Project("{2150E333-8FDC-42A3-9474-1A3956D46DE8}") = "TheMovieDb", "TheMovieDb", "{A74CE1B3-1CEE-4618-8E81-6191F79FEBF2}"
EndProject
Project("{2150E333-8FDC-42A3-9474-1A3956D46DE8}") = "Transcripts", "Transcripts", "{709F8A8F-DD25-430A-8229-7480D236CD22}"
	ProjectSection(SolutionItems) = preProject
		Transcript\Backtore.txt = Transcript\Backtore.txt
		Transcript\Backward.txt = Transcript\Backward.txt
		Transcript\Balanceo.txt = Transcript\Balanceo.txt
		Transcript\Betterth.txt = Transcript\Betterth.txt
		Transcript\beyond.txt = Transcript\beyond.txt
		Transcript\bir1.txt = Transcript\bir1.txt
		Transcript\bir2.txt = Transcript\bir2.txt
		Transcript\blue.txt = Transcript\blue.txt
		Transcript\Bodyswap.txt = Transcript\Bodyswap.txt
		Transcript\Camille.txt = Transcript\Camille.txt
		Transcript\cassandra.txt = Transcript\cassandra.txt
		Transcript\Confiden.txt = Transcript\Confiden.txt
		Transcript\Demonsan.txt = Transcript\Demonsan.txt
		Transcript\Dimensio.txt = Transcript\Dimensio.txt
		Transcript\Dna.txt = Transcript\Dna.txt
		Transcript\ductsoup.txt = Transcript\ductsoup.txt
		Transcript\Emohawk.txt = Transcript\Emohawk.txt
		Transcript\epideme.txt = Transcript\epideme.txt
		Transcript\Futureec.txt = Transcript\Futureec.txt
		Transcript\Gunmen.txt = Transcript\Gunmen.txt
		Transcript\Holoship.txt = Transcript\Holoship.txt
		Transcript\Inquisit.txt = Transcript\Inquisit.txt
		Transcript\Justice.txt = Transcript\Justice.txt
		Transcript\Kryten.txt = Transcript\Kryten.txt
		Transcript\krytietv.txt = Transcript\krytietv.txt
		Transcript\Legion.txt = Transcript\Legion.txt
		Transcript\Marooned.txt = Transcript\Marooned.txt
		Transcript\Me2.txt = Transcript\Me2.txt
		Transcript\Meltdown.txt = Transcript\Meltdown.txt
		Transcript\nanarchy.txt = Transcript\nanarchy.txt
		Transcript\otg.txt = Transcript\otg.txt
		Transcript\ouroboros.txt = Transcript\ouroboros.txt
		Transcript\Outoftim.txt = Transcript\Outoftim.txt
		Transcript\Paralle.txt = Transcript\Paralle.txt
		Transcript\pete1.txt = Transcript\pete1.txt
		Transcript\pete2.txt = Transcript\pete2.txt
		Transcript\Polymorp.txt = Transcript\Polymorp.txt
		Transcript\Psirens.txt = Transcript\Psirens.txt
		Transcript\Quarinti.txt = Transcript\Quarinti.txt
		Transcript\Queeg.txt = Transcript\Queeg.txt
		Transcript\Rimmerwo.txt = Transcript\Rimmerwo.txt
		Transcript\Stasisle.txt = Transcript\Stasisle.txt
		Transcript\stoak.txt = Transcript\stoak.txt
		Transcript\Terrorfo.txt = Transcript\Terrorfo.txt
		Transcript\Thanksfo.txt = Transcript\Thanksfo.txt
		Transcript\Theend.txt = Transcript\Theend.txt
		Transcript\Thelastd.txt = Transcript\Thelastd.txt
		Transcript\tikka.txt = Transcript\tikka.txt
		Transcript\Timeslid.txt = Transcript\Timeslid.txt
		Transcript\Waitingf.txt = Transcript\Waitingf.txt
		Transcript\Whitehol.txt = Transcript\Whitehol.txt
	EndProjectSection
EndProject
Global
	GlobalSection(SolutionConfigurationPlatforms) = preSolution
		Debug|Any CPU = Debug|Any CPU
		Release|Any CPU = Release|Any CPU
	EndGlobalSection
	GlobalSection(ProjectConfigurationPlatforms) = postSolution
		{DEE29D98-03C4-4A2E-84F2-B5479BC30214}.Debug|Any CPU.ActiveCfg = Debug|Any CPU
		{DEE29D98-03C4-4A2E-84F2-B5479BC30214}.Debug|Any CPU.Build.0 = Debug|Any CPU
		{DEE29D98-03C4-4A2E-84F2-B5479BC30214}.Release|Any CPU.ActiveCfg = Release|Any CPU
		{DEE29D98-03C4-4A2E-84F2-B5479BC30214}.Release|Any CPU.Build.0 = Release|Any CPU
	EndGlobalSection
	GlobalSection(SolutionProperties) = preSolution
		HideSolutionNode = FALSE
	EndGlobalSection
EndGlobal
